// !$*UTF8*$!
{
	archiveVersion = 1;
	classes = {
	};
	objectVersion = 48;
	objects = {

/* Begin PBXBuildFile section */
		43FC97131F9F24AA00053E2E /* AppDelegate.swift in Sources */ = {isa = PBXBuildFile; fileRef = 43FC97121F9F24AA00053E2E /* AppDelegate.swift */; };
		43FC97151F9F24AA00053E2E /* ViewController.swift in Sources */ = {isa = PBXBuildFile; fileRef = 43FC97141F9F24AA00053E2E /* ViewController.swift */; };
		43FC97181F9F24AA00053E2E /* Main.storyboard in Resources */ = {isa = PBXBuildFile; fileRef = 43FC97161F9F24AA00053E2E /* Main.storyboard */; };
		43FC971A1F9F24AA00053E2E /* Assets.xcassets in Resources */ = {isa = PBXBuildFile; fileRef = 43FC97191F9F24AA00053E2E /* Assets.xcassets */; };
		43FC971D1F9F24AA00053E2E /* LaunchScreen.storyboard in Resources */ = {isa = PBXBuildFile; fileRef = 43FC971B1F9F24AA00053E2E /* LaunchScreen.storyboard */; };
		43FC97281F9F24AA00053E2E /* SwiftBangTests.swift in Sources */ = {isa = PBXBuildFile; fileRef = 43FC97271F9F24AA00053E2E /* SwiftBangTests.swift */; };
		43FC97331F9F24AA00053E2E /* SwiftBangUITests.swift in Sources */ = {isa = PBXBuildFile; fileRef = 43FC97321F9F24AA00053E2E /* SwiftBangUITests.swift */; };
/* End PBXBuildFile section */

/* Begin PBXContainerItemProxy section */
		43FC97241F9F24AA00053E2E /* PBXContainerItemProxy */ = {
			isa = PBXContainerItemProxy;
			containerPortal = 43FC97071F9F24AA00053E2E /* Project object */;
			proxyType = 1;
			remoteGlobalIDString = 43FC970E1F9F24AA00053E2E;
			remoteInfo = SwiftBang;
		};
		43FC972F1F9F24AA00053E2E /* PBXContainerItemProxy */ = {
			isa = PBXContainerItemProxy;
			containerPortal = 43FC97071F9F24AA00053E2E /* Project object */;
			proxyType = 1;
			remoteGlobalIDString = 43FC970E1F9F24AA00053E2E;
			remoteInfo = SwiftBang;
		};
/* End PBXContainerItemProxy section */

/* Begin PBXFileReference section */
		43FC970F1F9F24AA00053E2E /* SwiftBang.app */ = {isa = PBXFileReference; explicitFileType = wrapper.application; includeInIndex = 0; path = SwiftBang.app; sourceTree = BUILT_PRODUCTS_DIR; };
		43FC97121F9F24AA00053E2E /* AppDelegate.swift */ = {isa = PBXFileReference; lastKnownFileType = sourcecode.swift; path = AppDelegate.swift; sourceTree = "<group>"; };
		43FC97141F9F24AA00053E2E /* ViewController.swift */ = {isa = PBXFileReference; lastKnownFileType = sourcecode.swift; path = ViewController.swift; sourceTree = "<group>"; };
		43FC97171F9F24AA00053E2E /* Base */ = {isa = PBXFileReference; lastKnownFileType = file.storyboard; name = Base; path = Base.lproj/Main.storyboard; sourceTree = "<group>"; };
		43FC97191F9F24AA00053E2E /* Assets.xcassets */ = {isa = PBXFileReference; lastKnownFileType = folder.assetcatalog; path = Assets.xcassets; sourceTree = "<group>"; };
		43FC971C1F9F24AA00053E2E /* Base */ = {isa = PBXFileReference; lastKnownFileType = file.storyboard; name = Base; path = Base.lproj/LaunchScreen.storyboard; sourceTree = "<group>"; };
		43FC971E1F9F24AA00053E2E /* Info.plist */ = {isa = PBXFileReference; lastKnownFileType = text.plist.xml; path = Info.plist; sourceTree = "<group>"; };
		43FC97231F9F24AA00053E2E /* SwiftBangTests.xctest */ = {isa = PBXFileReference; explicitFileType = wrapper.cfbundle; includeInIndex = 0; path = SwiftBangTests.xctest; sourceTree = BUILT_PRODUCTS_DIR; };
		43FC97271F9F24AA00053E2E /* SwiftBangTests.swift */ = {isa = PBXFileReference; lastKnownFileType = sourcecode.swift; path = SwiftBangTests.swift; sourceTree = "<group>"; };
		43FC97291F9F24AA00053E2E /* Info.plist */ = {isa = PBXFileReference; lastKnownFileType = text.plist.xml; path = Info.plist; sourceTree = "<group>"; };
		43FC972E1F9F24AA00053E2E /* SwiftBangUITests.xctest */ = {isa = PBXFileReference; explicitFileType = wrapper.cfbundle; includeInIndex = 0; path = SwiftBangUITests.xctest; sourceTree = BUILT_PRODUCTS_DIR; };
		43FC97321F9F24AA00053E2E /* SwiftBangUITests.swift */ = {isa = PBXFileReference; lastKnownFileType = sourcecode.swift; path = SwiftBangUITests.swift; sourceTree = "<group>"; };
		43FC97341F9F24AA00053E2E /* Info.plist */ = {isa = PBXFileReference; lastKnownFileType = text.plist.xml; path = Info.plist; sourceTree = "<group>"; };
/* End PBXFileReference section */

/* Begin PBXFrameworksBuildPhase section */
		43FC970C1F9F24AA00053E2E /* Frameworks */ = {
			isa = PBXFrameworksBuildPhase;
			buildActionMask = 2147483647;
			files = (
			);
			runOnlyForDeploymentPostprocessing = 0;
		};
		43FC97201F9F24AA00053E2E /* Frameworks */ = {
			isa = PBXFrameworksBuildPhase;
			buildActionMask = 2147483647;
			files = (
			);
			runOnlyForDeploymentPostprocessing = 0;
		};
		43FC972B1F9F24AA00053E2E /* Frameworks */ = {
			isa = PBXFrameworksBuildPhase;
			buildActionMask = 2147483647;
			files = (
			);
			runOnlyForDeploymentPostprocessing = 0;
		};
/* End PBXFrameworksBuildPhase section */

/* Begin PBXGroup section */
		43FC97061F9F24AA00053E2E = {
			isa = PBXGroup;
			children = (
				43FC97111F9F24AA00053E2E /* SwiftBang */,
				43FC97261F9F24AA00053E2E /* SwiftBangTests */,
				43FC97311F9F24AA00053E2E /* SwiftBangUITests */,
				43FC97101F9F24AA00053E2E /* Products */,
			);
			sourceTree = "<group>";
		};
		43FC97101F9F24AA00053E2E /* Products */ = {
			isa = PBXGroup;
			children = (
				43FC970F1F9F24AA00053E2E /* SwiftBang.app */,
				43FC97231F9F24AA00053E2E /* SwiftBangTests.xctest */,
				43FC972E1F9F24AA00053E2E /* SwiftBangUITests.xctest */,
			);
			name = Products;
			sourceTree = "<group>";
		};
		43FC97111F9F24AA00053E2E /* SwiftBang */ = {
			isa = PBXGroup;
			children = (
				43FC97121F9F24AA00053E2E /* AppDelegate.swift */,
				43FC97141F9F24AA00053E2E /* ViewController.swift */,
				43FC97161F9F24AA00053E2E /* Main.storyboard */,
				43FC97191F9F24AA00053E2E /* Assets.xcassets */,
				43FC971B1F9F24AA00053E2E /* LaunchScreen.storyboard */,
				43FC971E1F9F24AA00053E2E /* Info.plist */,
			);
			path = SwiftBang;
			sourceTree = "<group>";
		};
		43FC97261F9F24AA00053E2E /* SwiftBangTests */ = {
			isa = PBXGroup;
			children = (
				43FC97271F9F24AA00053E2E /* SwiftBangTests.swift */,
				43FC97291F9F24AA00053E2E /* Info.plist */,
			);
			path = SwiftBangTests;
			sourceTree = "<group>";
		};
		43FC97311F9F24AA00053E2E /* SwiftBangUITests */ = {
			isa = PBXGroup;
			children = (
				43FC97321F9F24AA00053E2E /* SwiftBangUITests.swift */,
				43FC97341F9F24AA00053E2E /* Info.plist */,
			);
			path = SwiftBangUITests;
			sourceTree = "<group>";
		};
/* End PBXGroup section */

/* Begin PBXNativeTarget section */
		43FC970E1F9F24AA00053E2E /* SwiftBang */ = {
			isa = PBXNativeTarget;
			buildConfigurationList = 43FC97371F9F24AA00053E2E /* Build configuration list for PBXNativeTarget "SwiftBang" */;
			buildPhases = (
				43FC970B1F9F24AA00053E2E /* Sources */,
				43FC970C1F9F24AA00053E2E /* Frameworks */,
				43FC970D1F9F24AA00053E2E /* Resources */,
			);
			buildRules = (
			);
			dependencies = (
			);
			name = SwiftBang;
			productName = SwiftBang;
			productReference = 43FC970F1F9F24AA00053E2E /* SwiftBang.app */;
			productType = "com.apple.product-type.application";
		};
		43FC97221F9F24AA00053E2E /* SwiftBangTests */ = {
			isa = PBXNativeTarget;
			buildConfigurationList = 43FC973A1F9F24AA00053E2E /* Build configuration list for PBXNativeTarget "SwiftBangTests" */;
			buildPhases = (
				43FC971F1F9F24AA00053E2E /* Sources */,
				43FC97201F9F24AA00053E2E /* Frameworks */,
				43FC97211F9F24AA00053E2E /* Resources */,
			);
			buildRules = (
			);
			dependencies = (
				43FC97251F9F24AA00053E2E /* PBXTargetDependency */,
			);
			name = SwiftBangTests;
			productName = SwiftBangTests;
			productReference = 43FC97231F9F24AA00053E2E /* SwiftBangTests.xctest */;
			productType = "com.apple.product-type.bundle.unit-test";
		};
		43FC972D1F9F24AA00053E2E /* SwiftBangUITests */ = {
			isa = PBXNativeTarget;
			buildConfigurationList = 43FC973D1F9F24AA00053E2E /* Build configuration list for PBXNativeTarget "SwiftBangUITests" */;
			buildPhases = (
				43FC972A1F9F24AA00053E2E /* Sources */,
				43FC972B1F9F24AA00053E2E /* Frameworks */,
				43FC972C1F9F24AA00053E2E /* Resources */,
			);
			buildRules = (
			);
			dependencies = (
				43FC97301F9F24AA00053E2E /* PBXTargetDependency */,
			);
			name = SwiftBangUITests;
			productName = SwiftBangUITests;
			productReference = 43FC972E1F9F24AA00053E2E /* SwiftBangUITests.xctest */;
			productType = "com.apple.product-type.bundle.ui-testing";
		};
/* End PBXNativeTarget section */

/* Begin PBXProject section */
		43FC97071F9F24AA00053E2E /* Project object */ = {
			isa = PBXProject;
			attributes = {
				LastSwiftUpdateCheck = 0900;
				LastUpgradeCheck = 0900;
				ORGANIZATIONNAME = "Peng Jun";
				TargetAttributes = {
					43FC970E1F9F24AA00053E2E = {
						CreatedOnToolsVersion = 9.0;
						ProvisioningStyle = Automatic;
					};
					43FC97221F9F24AA00053E2E = {
						CreatedOnToolsVersion = 9.0;
						ProvisioningStyle = Automatic;
						TestTargetID = 43FC970E1F9F24AA00053E2E;
					};
					43FC972D1F9F24AA00053E2E = {
						CreatedOnToolsVersion = 9.0;
						ProvisioningStyle = Automatic;
						TestTargetID = 43FC970E1F9F24AA00053E2E;
					};
				};
			};
			buildConfigurationList = 43FC970A1F9F24AA00053E2E /* Build configuration list for PBXProject "SwiftBang" */;
			compatibilityVersion = "Xcode 8.0";
			developmentRegion = en;
			hasScannedForEncodings = 0;
			knownRegions = (
				en,
				Base,
			);
			mainGroup = 43FC97061F9F24AA00053E2E;
			productRefGroup = 43FC97101F9F24AA00053E2E /* Products */;
			projectDirPath = "";
			projectRoot = "";
			targets = (
				43FC970E1F9F24AA00053E2E /* SwiftBang */,
				43FC97221F9F24AA00053E2E /* SwiftBangTests */,
				43FC972D1F9F24AA00053E2E /* SwiftBangUITests */,
			);
		};
/* End PBXProject section */

/* Begin PBXResourcesBuildPhase section */
		43FC970D1F9F24AA00053E2E /* Resources */ = {
			isa = PBXResourcesBuildPhase;
			buildActionMask = 2147483647;
			files = (
				43FC971D1F9F24AA00053E2E /* LaunchScreen.storyboard in Resources */,
				43FC971A1F9F24AA00053E2E /* Assets.xcassets in Resources */,
				43FC97181F9F24AA00053E2E /* Main.storyboard in Resources */,
			);
			runOnlyForDeploymentPostprocessing = 0;
		};
		43FC97211F9F24AA00053E2E /* Resources */ = {
			isa = PBXResourcesBuildPhase;
			buildActionMask = 2147483647;
			files = (
			);
			runOnlyForDeploymentPostprocessing = 0;
		};
		43FC972C1F9F24AA00053E2E /* Resources */ = {
			isa = PBXResourcesBuildPhase;
			buildActionMask = 2147483647;
			files = (
			);
			runOnlyForDeploymentPostprocessing = 0;
		};
/* End PBXResourcesBuildPhase section */

/* Begin PBXSourcesBuildPhase section */
		43FC970B1F9F24AA00053E2E /* Sources */ = {
			isa = PBXSourcesBuildPhase;
			buildActionMask = 2147483647;
			files = (
				43FC97151F9F24AA00053E2E /* ViewController.swift in Sources */,
				43FC97131F9F24AA00053E2E /* AppDelegate.swift in Sources */,
			);
			runOnlyForDeploymentPostprocessing = 0;
		};
		43FC971F1F9F24AA00053E2E /* Sources */ = {
			isa = PBXSourcesBuildPhase;
			buildActionMask = 2147483647;
			files = (
				43FC97281F9F24AA00053E2E /* SwiftBangTests.swift in Sources */,
			);
			runOnlyForDeploymentPostprocessing = 0;
		};
		43FC972A1F9F24AA00053E2E /* Sources */ = {
			isa = PBXSourcesBuildPhase;
			buildActionMask = 2147483647;
			files = (
				43FC97331F9F24AA00053E2E /* SwiftBangUITests.swift in Sources */,
			);
			runOnlyForDeploymentPostprocessing = 0;
		};
/* End PBXSourcesBuildPhase section */

/* Begin PBXTargetDependency section */
		43FC97251F9F24AA00053E2E /* PBXTargetDependency */ = {
			isa = PBXTargetDependency;
			target = 43FC970E1F9F24AA00053E2E /* SwiftBang */;
			targetProxy = 43FC97241F9F24AA00053E2E /* PBXContainerItemProxy */;
		};
		43FC97301F9F24AA00053E2E /* PBXTargetDependency */ = {
			isa = PBXTargetDependency;
			target = 43FC970E1F9F24AA00053E2E /* SwiftBang */;
			targetProxy = 43FC972F1F9F24AA00053E2E /* PBXContainerItemProxy */;
		};
/* End PBXTargetDependency section */

/* Begin PBXVariantGroup section */
		43FC97161F9F24AA00053E2E /* Main.storyboard */ = {
			isa = PBXVariantGroup;
			children = (
				43FC97171F9F24AA00053E2E /* Base */,
			);
			name = Main.storyboard;
			sourceTree = "<group>";
		};
		43FC971B1F9F24AA00053E2E /* LaunchScreen.storyboard */ = {
			isa = PBXVariantGroup;
			children = (
				43FC971C1F9F24AA00053E2E /* Base */,
			);
			name = LaunchScreen.storyboard;
			sourceTree = "<group>";
		};
/* End PBXVariantGroup section */

/* Begin XCBuildConfiguration section */
		43FC97351F9F24AA00053E2E /* Debug */ = {
			isa = XCBuildConfiguration;
			buildSettings = {
				ALWAYS_SEARCH_USER_PATHS = NO;
				CLANG_ANALYZER_NONNULL = YES;
				CLANG_ANALYZER_NUMBER_OBJECT_CONVERSION = YES_AGGRESSIVE;
				CLANG_CXX_LANGUAGE_STANDARD = "gnu++14";
				CLANG_CXX_LIBRARY = "libc++";
				CLANG_ENABLE_MODULES = YES;
				CLANG_ENABLE_OBJC_ARC = YES;
				CLANG_WARN_BLOCK_CAPTURE_AUTORELEASING = YES;
				CLANG_WARN_BOOL_CONVERSION = YES;
				CLANG_WARN_COMMA = YES;
				CLANG_WARN_CONSTANT_CONVERSION = YES;
				CLANG_WARN_DIRECT_OBJC_ISA_USAGE = YES_ERROR;
				CLANG_WARN_DOCUMENTATION_COMMENTS = YES;
				CLANG_WARN_EMPTY_BODY = YES;
				CLANG_WARN_ENUM_CONVERSION = YES;
				CLANG_WARN_INFINITE_RECURSION = YES;
				CLANG_WARN_INT_CONVERSION = YES;
				CLANG_WARN_NON_LITERAL_NULL_CONVERSION = YES;
				CLANG_WARN_OBJC_LITERAL_CONVERSION = YES;
				CLANG_WARN_OBJC_ROOT_CLASS = YES_ERROR;
				CLANG_WARN_RANGE_LOOP_ANALYSIS = YES;
				CLANG_WARN_STRICT_PROTOTYPES = YES;
				CLANG_WARN_SUSPICIOUS_MOVE = YES;
				CLANG_WARN_UNGUARDED_AVAILABILITY = YES_AGGRESSIVE;
				CLANG_WARN_UNREACHABLE_CODE = YES;
				CLANG_WARN__DUPLICATE_METHOD_MATCH = YES;
				CODE_SIGN_IDENTITY = "iPhone Developer";
				COPY_PHASE_STRIP = NO;
				DEBUG_INFORMATION_FORMAT = dwarf;
				ENABLE_STRICT_OBJC_MSGSEND = YES;
				ENABLE_TESTABILITY = YES;
				GCC_C_LANGUAGE_STANDARD = gnu11;
				GCC_DYNAMIC_NO_PIC = NO;
				GCC_NO_COMMON_BLOCKS = YES;
				GCC_OPTIMIZATION_LEVEL = 0;
				GCC_PREPROCESSOR_DEFINITIONS = (
					"DEBUG=1",
					"$(inherited)",
				);
				GCC_WARN_64_TO_32_BIT_CONVERSION = YES;
				GCC_WARN_ABOUT_RETURN_TYPE = YES_ERROR;
				GCC_WARN_UNDECLARED_SELECTOR = YES;
				GCC_WARN_UNINITIALIZED_AUTOS = YES_AGGRESSIVE;
				GCC_WARN_UNUSED_FUNCTION = YES;
				GCC_WARN_UNUSED_VARIABLE = YES;
				IPHONEOS_DEPLOYMENT_TARGET = 11.0;
				MTL_ENABLE_DEBUG_INFO = YES;
				ONLY_ACTIVE_ARCH = YES;
				SDKROOT = iphoneos;
				SWIFT_ACTIVE_COMPILATION_CONDITIONS = DEBUG;
				SWIFT_OPTIMIZATION_LEVEL = "-Onone";
			};
			name = Debug;
		};
		43FC97361F9F24AA00053E2E /* Release */ = {
			isa = XCBuildConfiguration;
			buildSettings = {
				ALWAYS_SEARCH_USER_PATHS = NO;
				CLANG_ANALYZER_NONNULL = YES;
				CLANG_ANALYZER_NUMBER_OBJECT_CONVERSION = YES_AGGRESSIVE;
				CLANG_CXX_LANGUAGE_STANDARD = "gnu++14";
				CLANG_CXX_LIBRARY = "libc++";
				CLANG_ENABLE_MODULES = YES;
				CLANG_ENABLE_OBJC_ARC = YES;
				CLANG_WARN_BLOCK_CAPTURE_AUTORELEASING = YES;
				CLANG_WARN_BOOL_CONVERSION = YES;
				CLANG_WARN_COMMA = YES;
				CLANG_WARN_CONSTANT_CONVERSION = YES;
				CLANG_WARN_DIRECT_OBJC_ISA_USAGE = YES_ERROR;
				CLANG_WARN_DOCUMENTATION_COMMENTS = YES;
				CLANG_WARN_EMPTY_BODY = YES;
				CLANG_WARN_ENUM_CONVERSION = YES;
				CLANG_WARN_INFINITE_RECURSION = YES;
				CLANG_WARN_INT_CONVERSION = YES;
				CLANG_WARN_NON_LITERAL_NULL_CONVERSION = YES;
				CLANG_WARN_OBJC_LITERAL_CONVERSION = YES;
				CLANG_WARN_OBJC_ROOT_CLASS = YES_ERROR;
				CLANG_WARN_RANGE_LOOP_ANALYSIS = YES;
				CLANG_WARN_STRICT_PROTOTYPES = YES;
				CLANG_WARN_SUSPICIOUS_MOVE = YES;
				CLANG_WARN_UNGUARDED_AVAILABILITY = YES_AGGRESSIVE;
				CLANG_WARN_UNREACHABLE_CODE = YES;
				CLANG_WARN__DUPLICATE_METHOD_MATCH = YES;
				CODE_SIGN_IDENTITY = "iPhone Developer";
				COPY_PHASE_STRIP = NO;
				DEBUG_INFORMATION_FORMAT = "dwarf-with-dsym";
				ENABLE_NS_ASSERTIONS = NO;
				ENABLE_STRICT_OBJC_MSGSEND = YES;
				GCC_C_LANGUAGE_STANDARD = gnu11;
				GCC_NO_COMMON_BLOCKS = YES;
				GCC_WARN_64_TO_32_BIT_CONVERSION = YES;
				GCC_WARN_ABOUT_RETURN_TYPE = YES_ERROR;
				GCC_WARN_UNDECLARED_SELECTOR = YES;
				GCC_WARN_UNINITIALIZED_AUTOS = YES_AGGRESSIVE;
				GCC_WARN_UNUSED_FUNCTION = YES;
				GCC_WARN_UNUSED_VARIABLE = YES;
				IPHONEOS_DEPLOYMENT_TARGET = 11.0;
				MTL_ENABLE_DEBUG_INFO = NO;
				SDKROOT = iphoneos;
				SWIFT_OPTIMIZATION_LEVEL = "-Owholemodule";
				VALIDATE_PRODUCT = YES;
			};
			name = Release;
		};
		43FC97381F9F24AA00053E2E /* Debug */ = {
			isa = XCBuildConfiguration;
			buildSettings = {
				ASSETCATALOG_COMPILER_APPICON_NAME = AppIcon;
				CODE_SIGN_STYLE = Automatic;
				DEVELOPMENT_TEAM = X95YAR7376;
				INFOPLIST_FILE = SwiftBang/Info.plist;
				IPHONEOS_DEPLOYMENT_TARGET = 10.0;
				LD_RUNPATH_SEARCH_PATHS = "$(inherited) @executable_path/Frameworks";
				PRODUCT_BUNDLE_IDENTIFIER = pjf.SwiftBang;
				PRODUCT_NAME = "$(TARGET_NAME)";
				SWIFT_VERSION = 4.0;
				TARGETED_DEVICE_FAMILY = "1,2";
			};
			name = Debug;
		};
		43FC97391F9F24AA00053E2E /* Release */ = {
			isa = XCBuildConfiguration;
			buildSettings = {
				ASSETCATALOG_COMPILER_APPICON_NAME = AppIcon;
				CODE_SIGN_STYLE = Automatic;
				DEVELOPMENT_TEAM = X95YAR7376;
				INFOPLIST_FILE = SwiftBang/Info.plist;
				IPHONEOS_DEPLOYMENT_TARGET = 10.0;
				LD_RUNPATH_SEARCH_PATHS = "$(inherited) @executable_path/Frameworks";
				PRODUCT_BUNDLE_IDENTIFIER = pjf.SwiftBang;
				PRODUCT_NAME = "$(TARGET_NAME)";
				SWIFT_VERSION = 4.0;
				TARGETED_DEVICE_FAMILY = "1,2";
			};
			name = Release;
		};
		43FC973B1F9F24AA00053E2E /* Debug */ = {
			isa = XCBuildConfiguration;
			buildSettings = {
				ALWAYS_EMBED_SWIFT_STANDARD_LIBRARIES = YES;
				BUNDLE_LOADER = "$(TEST_HOST)";
				CODE_SIGN_STYLE = Automatic;
				DEVELOPMENT_TEAM = X95YAR7376;
				INFOPLIST_FILE = SwiftBangTests/Info.plist;
				LD_RUNPATH_SEARCH_PATHS = "$(inherited) @executable_path/Frameworks @loader_path/Frameworks";
				PRODUCT_BUNDLE_IDENTIFIER = pjf.SwiftBangTests;
				PRODUCT_NAME = "$(TARGET_NAME)";
				SWIFT_VERSION = 4.0;
				TARGETED_DEVICE_FAMILY = "1,2";
				TEST_HOST = "$(BUILT_PRODUCTS_DIR)/SwiftBang.app/SwiftBang";
			};
			name = Debug;
		};
		43FC973C1F9F24AA00053E2E /* Release */ = {
			isa = XCBuildConfiguration;
			buildSettings = {
				ALWAYS_EMBED_SWIFT_STANDARD_LIBRARIES = YES;
				BUNDLE_LOADER = "$(TEST_HOST)";
				CODE_SIGN_STYLE = Automatic;
				DEVELOPMENT_TEAM = X95YAR7376;
				INFOPLIST_FILE = SwiftBangTests/Info.plist;
				LD_RUNPATH_SEARCH_PATHS = "$(inherited) @executable_path/Frameworks @loader_path/Frameworks";
				PRODUCT_BUNDLE_IDENTIFIER = pjf.SwiftBangTests;
				PRODUCT_NAME = "$(TARGET_NAME)";
				SWIFT_VERSION = 4.0;
				TARGETED_DEVICE_FAMILY = "1,2";
				TEST_HOST = "$(BUILT_PRODUCTS_DIR)/SwiftBang.app/SwiftBang";
			};
			name = Release;
		};
		43FC973E1F9F24AA00053E2E /* Debug */ = {
			isa = XCBuildConfiguration;
			buildSettings = {
				ALWAYS_EMBED_SWIFT_STANDARD_LIBRARIES = YES;
				CODE_SIGN_STYLE = Automatic;
				DEVELOPMENT_TEAM = X95YAR7376;
				INFOPLIST_FILE = SwiftBangUITests/Info.plist;
				LD_RUNPATH_SEARCH_PATHS = "$(inherited) @executable_path/Frameworks @loader_path/Frameworks";
				PRODUCT_BUNDLE_IDENTIFIER = pjf.SwiftBangUITests;
				PRODUCT_NAME = "$(TARGET_NAME)";
				SWIFT_VERSION = 4.0;
				TARGETED_DEVICE_FAMILY = "1,2";
				TEST_TARGET_NAME = SwiftBang;
			};
			name = Debug;
		};
		43FC973F1F9F24AA00053E2E /* Release */ = {
			isa = XCBuildConfiguration;
			buildSettings = {
				ALWAYS_EMBED_SWIFT_STANDARD_LIBRARIES = YES;
				CODE_SIGN_STYLE = Automatic;
				DEVELOPMENT_TEAM = X95YAR7376;
				INFOPLIST_FILE = SwiftBangUITests/Info.plist;
				LD_RUNPATH_SEARCH_PATHS = "$(inherited) @executable_path/Frameworks @loader_path/Frameworks";
				PRODUCT_BUNDLE_IDENTIFIER = pjf.SwiftBangUITests;
				PRODUCT_NAME = "$(TARGET_NAME)";
				SWIFT_VERSION = 4.0;
				TARGETED_DEVICE_FAMILY = "1,2";
				TEST_TARGET_NAME = SwiftBang;
			};
			name = Release;
		};
/* End XCBuildConfiguration section */

/* Begin XCConfigurationList section */
		43FC970A1F9F24AA00053E2E /* Build configuration list for PBXProject "SwiftBang" */ = {
			isa = XCConfigurationList;
			buildConfigurations = (
				43FC97351F9F24AA00053E2E /* Debug */,
				43FC97361F9F24AA00053E2E /* Release */,
			);
			defaultConfigurationIsVisible = 0;
			defaultConfigurationName = Release;
		};
		43FC97371F9F24AA00053E2E /* Build configuration list for PBXNativeTarget "SwiftBang" */ = {
			isa = XCConfigurationList;
			buildConfigurations = (
				43FC97381F9F24AA00053E2E /* Debug */,
				43FC97391F9F24AA00053E2E /* Release */,
			);
			defaultConfigurationIsVisible = 0;
			defaultConfigurationName = Release;
		};
		43FC973A1F9F24AA00053E2E /* Build configuration list for PBXNativeTarget "SwiftBangTests" */ = {
			isa = XCConfigurationList;
			buildConfigurations = (
				43FC973B1F9F24AA00053E2E /* Debug */,
				43FC973C1F9F24AA00053E2E /* Release */,
			);
			defaultConfigurationIsVisible = 0;
			defaultConfigurationName = Release;
		};
		43FC973D1F9F24AA00053E2E /* Build configuration list for PBXNativeTarget "SwiftBangUITests" */ = {
			isa = XCConfigurationList;
			buildConfigurations = (
				43FC973E1F9F24AA00053E2E /* Debug */,
				43FC973F1F9F24AA00053E2E /* Release */,
			);
			defaultConfigurationIsVisible = 0;
			defaultConfigurationName = Release;
		};
/* End XCConfigurationList section */
	};
	rootObject = 43FC97071F9F24AA00053E2E /* Project object */;
}
